
Microsoft Visual Studio Solution File, Format Version 12.00
# Visual Studio Version 17
VisualStudioVersion = 17.13.35825.156 d17.13
MinimumVisualStudioVersion = 10.0.40219.1
Project("{FAE04EC0-301F-11D3-BF4B-00C04F79EFBC}") = "ATM_Simülasyonu", "ATM_Simülasyonu\ATM_Simülasyonu.csproj", "{E05EF9DE-9A2C-43BD-85DC-3EFFD5C182C9}"
EndProject
Global
	GlobalSection(SolutionConfigurationPlatforms) = preSolution
		Debug|Any CPU = Debug|Any CPU
		Release|Any CPU = Release|Any CPU
	EndGlobalSection
	GlobalSection(ProjectConfigurationPlatforms) = postSolution
		{E05EF9DE-9A2C-43BD-85DC-3EFFD5C182C9}.Debug|Any CPU.ActiveCfg = Debug|Any CPU
		{E05EF9DE-9A2C-43BD-85DC-3EFFD5C182C9}.Debug|Any CPU.Build.0 = Debug|Any CPU
		{E05EF9DE-9A2C-43BD-85DC-3EFFD5C182C9}.Release|Any CPU.ActiveCfg = Release|Any CPU
		{E05EF9DE-9A2C-43BD-85DC-3EFFD5C182C9}.Release|Any CPU.Build.0 = Release|Any CPU
	EndGlobalSection
	GlobalSection(SolutionProperties) = preSolution
		HideSolutionNode = FALSE
	EndGlobalSection
	GlobalSection(ExtensibilityGlobals) = postSolution
		SolutionGuid = {CE567158-059F-4DCE-A2BF-A0E88E6B4FC8}
	EndGlobalSection
EndGlobal
